// !$*UTF8*$!
{
	archiveVersion = 1;
	classes = {
	};
	objectVersion = 46;
	objects = {

/* Begin PBXBuildFile section */
		AE451BBD1A1A2AC30005BB11 /* Gameplay.m in Sources */ = {isa = PBXBuildFile; fileRef = AE451BBC1A1A2AC30005BB11 /* Gameplay.m */; };
		AEBFF30A1A0148FB003350A7 /* main.m in Sources */ = {isa = PBXBuildFile; fileRef = AEBFF3091A0148FB003350A7 /* main.m */; };
		AEBFF3271A0148FC003350A7 /* Pirates_of_the_Rum_seaTests.m in Sources */ = {isa = PBXBuildFile; fileRef = AEBFF3261A0148FC003350A7 /* Pirates_of_the_Rum_seaTests.m */; };
		AEBFF3331A01502B003350A7 /* AudioToolbox.framework in Frameworks */ = {isa = PBXBuildFile; fileRef = AEBFF3321A01502B003350A7 /* AudioToolbox.framework */; };
		AEBFF3351A01503A003350A7 /* AVFoundation.framework in Frameworks */ = {isa = PBXBuildFile; fileRef = AEBFF3341A01503A003350A7 /* AVFoundation.framework */; };
		AEBFF3371A01504A003350A7 /* GameKit.framework in Frameworks */ = {isa = PBXBuildFile; fileRef = AEBFF3361A01504A003350A7 /* GameKit.framework */; };
		AEBFF3391A015061003350A7 /* OpenGLES.framework in Frameworks */ = {isa = PBXBuildFile; fileRef = AEBFF3381A015061003350A7 /* OpenGLES.framework */; };
		AEBFF33B1A015076003350A7 /* OpenAL.framework in Frameworks */ = {isa = PBXBuildFile; fileRef = AEBFF33A1A015076003350A7 /* OpenAL.framework */; };
		AEBFF33D1A015085003350A7 /* QuartzCore.framework in Frameworks */ = {isa = PBXBuildFile; fileRef = AEBFF33C1A015085003350A7 /* QuartzCore.framework */; };
		AEBFF33F1A0150BA003350A7 /* Foundation.framework in Frameworks */ = {isa = PBXBuildFile; fileRef = AEBFF33E1A0150BA003350A7 /* Foundation.framework */; };
		AEBFF3411A0150D7003350A7 /* CoreGraphics.framework in Frameworks */ = {isa = PBXBuildFile; fileRef = AEBFF3401A0150D7003350A7 /* CoreGraphics.framework */; };
		AEBFF3431A0150E7003350A7 /* UIKit.framework in Frameworks */ = {isa = PBXBuildFile; fileRef = AEBFF3421A0150E7003350A7 /* UIKit.framework */; };
		AEBFF3491A0159C9003350A7 /* PiratesGame.m in Sources */ = {isa = PBXBuildFile; fileRef = AEBFF3481A0159C9003350A7 /* PiratesGame.m */; };
		AEBFF34B1A016059003350A7 /* libXNI.a in Frameworks */ = {isa = PBXBuildFile; fileRef = AEBFF34A1A016059003350A7 /* libXNI.a */; };
		AEBFF34D1A0182B2003350A7 /* gameSprites.png in Resources */ = {isa = PBXBuildFile; fileRef = AEBFF34C1A0182B2003350A7 /* gameSprites.png */; };
/* End PBXBuildFile section */

/* Begin PBXContainerItemProxy section */
		AEBFF3211A0148FC003350A7 /* PBXContainerItemProxy */ = {
			isa = PBXContainerItemProxy;
			containerPortal = AEBFF2FC1A0148FB003350A7 /* Project object */;
			proxyType = 1;
			remoteGlobalIDString = AEBFF3031A0148FB003350A7;
			remoteInfo = "Pirates of the Rum sea";
		};
/* End PBXContainerItemProxy section */

/* Begin PBXFileReference section */
		AE451BBB1A1A2AC30005BB11 /* Gameplay.h */ = {isa = PBXFileReference; fileEncoding = 4; lastKnownFileType = sourcecode.c.h; path = Gameplay.h; sourceTree = "<group>"; };
		AE451BBC1A1A2AC30005BB11 /* Gameplay.m */ = {isa = PBXFileReference; fileEncoding = 4; lastKnownFileType = sourcecode.c.objc; path = Gameplay.m; sourceTree = "<group>"; };
		AEBFF3041A0148FB003350A7 /* Pirates of the Rum sea.app */ = {isa = PBXFileReference; explicitFileType = wrapper.application; includeInIndex = 0; path = "Pirates of the Rum sea.app"; sourceTree = BUILT_PRODUCTS_DIR; };
		AEBFF3081A0148FB003350A7 /* Info.plist */ = {isa = PBXFileReference; lastKnownFileType = text.plist.xml; path = Info.plist; sourceTree = "<group>"; };
		AEBFF3091A0148FB003350A7 /* main.m */ = {isa = PBXFileReference; lastKnownFileType = sourcecode.c.objc; path = main.m; sourceTree = "<group>"; };
		AEBFF3201A0148FC003350A7 /* Pirates of the Rum seaTests.xctest */ = {isa = PBXFileReference; explicitFileType = wrapper.cfbundle; includeInIndex = 0; path = "Pirates of the Rum seaTests.xctest"; sourceTree = BUILT_PRODUCTS_DIR; };
		AEBFF3251A0148FC003350A7 /* Info.plist */ = {isa = PBXFileReference; lastKnownFileType = text.plist.xml; path = Info.plist; sourceTree = "<group>"; };
		AEBFF3261A0148FC003350A7 /* Pirates_of_the_Rum_seaTests.m */ = {isa = PBXFileReference; lastKnownFileType = sourcecode.c.objc; path = Pirates_of_the_Rum_seaTests.m; sourceTree = "<group>"; };
		AEBFF3301A014FC8003350A7 /* libXNI.a */ = {isa = PBXFileReference; lastKnownFileType = archive.ar; name = libXNI.a; path = "../XNI 0/libXNI.a"; sourceTree = "<group>"; };
		AEBFF3321A01502B003350A7 /* AudioToolbox.framework */ = {isa = PBXFileReference; lastKnownFileType = wrapper.framework; name = AudioToolbox.framework; path = System/Library/Frameworks/AudioToolbox.framework; sourceTree = SDKROOT; };
		AEBFF3341A01503A003350A7 /* AVFoundation.framework */ = {isa = PBXFileReference; lastKnownFileType = wrapper.framework; name = AVFoundation.framework; path = System/Library/Frameworks/AVFoundation.framework; sourceTree = SDKROOT; };
		AEBFF3361A01504A003350A7 /* GameKit.framework */ = {isa = PBXFileReference; lastKnownFileType = wrapper.framework; name = GameKit.framework; path = System/Library/Frameworks/GameKit.framework; sourceTree = SDKROOT; };
		AEBFF3381A015061003350A7 /* OpenGLES.framework */ = {isa = PBXFileReference; lastKnownFileType = wrapper.framework; name = OpenGLES.framework; path = System/Library/Frameworks/OpenGLES.framework; sourceTree = SDKROOT; };
		AEBFF33A1A015076003350A7 /* OpenAL.framework */ = {isa = PBXFileReference; lastKnownFileType = wrapper.framework; name = OpenAL.framework; path = System/Library/Frameworks/OpenAL.framework; sourceTree = SDKROOT; };
		AEBFF33C1A015085003350A7 /* QuartzCore.framework */ = {isa = PBXFileReference; lastKnownFileType = wrapper.framework; name = QuartzCore.framework; path = System/Library/Frameworks/QuartzCore.framework; sourceTree = SDKROOT; };
		AEBFF33E1A0150BA003350A7 /* Foundation.framework */ = {isa = PBXFileReference; lastKnownFileType = wrapper.framework; name = Foundation.framework; path = System/Library/Frameworks/Foundation.framework; sourceTree = SDKROOT; };
		AEBFF3401A0150D7003350A7 /* CoreGraphics.framework */ = {isa = PBXFileReference; lastKnownFileType = wrapper.framework; name = CoreGraphics.framework; path = System/Library/Frameworks/CoreGraphics.framework; sourceTree = SDKROOT; };
		AEBFF3421A0150E7003350A7 /* UIKit.framework */ = {isa = PBXFileReference; lastKnownFileType = wrapper.framework; name = UIKit.framework; path = System/Library/Frameworks/UIKit.framework; sourceTree = SDKROOT; };
		AEBFF3471A0159C9003350A7 /* PiratesGame.h */ = {isa = PBXFileReference; fileEncoding = 4; lastKnownFileType = sourcecode.c.h; path = PiratesGame.h; sourceTree = "<group>"; };
		AEBFF3481A0159C9003350A7 /* PiratesGame.m */ = {isa = PBXFileReference; fileEncoding = 4; lastKnownFileType = sourcecode.c.objc; path = PiratesGame.m; sourceTree = "<group>"; };
		AEBFF34A1A016059003350A7 /* libXNI.a */ = {isa = PBXFileReference; lastKnownFileType = archive.ar; name = libXNI.a; path = ../XNI/libXNI.a; sourceTree = "<group>"; };
		AEBFF34C1A0182B2003350A7 /* gameSprites.png */ = {isa = PBXFileReference; lastKnownFileType = image.png; name = gameSprites.png; path = ../../../Downloads/gameSprites.png; sourceTree = "<group>"; };
/* End PBXFileReference section */

/* Begin PBXFrameworksBuildPhase section */
		AEBFF3011A0148FB003350A7 /* Frameworks */ = {
			isa = PBXFrameworksBuildPhase;
			buildActionMask = 2147483647;
			files = (
				AEBFF34B1A016059003350A7 /* libXNI.a in Frameworks */,
				AEBFF3431A0150E7003350A7 /* UIKit.framework in Frameworks */,
				AEBFF3411A0150D7003350A7 /* CoreGraphics.framework in Frameworks */,
				AEBFF33F1A0150BA003350A7 /* Foundation.framework in Frameworks */,
				AEBFF33D1A015085003350A7 /* QuartzCore.framework in Frameworks */,
				AEBFF33B1A015076003350A7 /* OpenAL.framework in Frameworks */,
				AEBFF3391A015061003350A7 /* OpenGLES.framework in Frameworks */,
				AEBFF3371A01504A003350A7 /* GameKit.framework in Frameworks */,
				AEBFF3351A01503A003350A7 /* AVFoundation.framework in Frameworks */,
				AEBFF3331A01502B003350A7 /* AudioToolbox.framework in Frameworks */,
			);
			runOnlyForDeploymentPostprocessing = 0;
		};
		AEBFF31D1A0148FC003350A7 /* Frameworks */ = {
			isa = PBXFrameworksBuildPhase;
			buildActionMask = 2147483647;
			files = (
			);
			runOnlyForDeploymentPostprocessing = 0;
		};
/* End PBXFrameworksBuildPhase section */

/* Begin PBXGroup section */
		AE4B26C41A10E8A60081C6B3 /* Configs */ = {
			isa = PBXGroup;
			children = (
			);
			name = Configs;
			sourceTree = "<group>";
		};
		AEBFF2FB1A0148FB003350A7 = {
			isa = PBXGroup;
			children = (
				AEBFF3441A015102003350A7 /* Framework */,
				AEBFF3061A0148FB003350A7 /* Pirates of the Rum sea */,
				AEBFF3231A0148FC003350A7 /* Pirates of the Rum seaTests */,
				AEBFF3051A0148FB003350A7 /* Products */,
			);
			sourceTree = "<group>";
		};
		AEBFF3051A0148FB003350A7 /* Products */ = {
			isa = PBXGroup;
			children = (
				AEBFF3041A0148FB003350A7 /* Pirates of the Rum sea.app */,
				AEBFF3201A0148FC003350A7 /* Pirates of the Rum seaTests.xctest */,
			);
			name = Products;
			sourceTree = "<group>";
		};
		AEBFF3061A0148FB003350A7 /* Pirates of the Rum sea */ = {
			isa = PBXGroup;
			children = (
				AE4B26C41A10E8A60081C6B3 /* Configs */,
				AEBFF3461A01595E003350A7 /* Assets */,
				AEBFF3451A015900003350A7 /* Classes */,
				AEBFF3071A0148FB003350A7 /* Supporting Files */,
			);
			path = "Pirates of the Rum sea";
			sourceTree = "<group>";
		};
		AEBFF3071A0148FB003350A7 /* Supporting Files */ = {
			isa = PBXGroup;
			children = (
				AEBFF3081A0148FB003350A7 /* Info.plist */,
				AEBFF3091A0148FB003350A7 /* main.m */,
			);
			name = "Supporting Files";
			sourceTree = "<group>";
		};
		AEBFF3231A0148FC003350A7 /* Pirates of the Rum seaTests */ = {
			isa = PBXGroup;
			children = (
				AEBFF3261A0148FC003350A7 /* Pirates_of_the_Rum_seaTests.m */,
				AEBFF3241A0148FC003350A7 /* Supporting Files */,
			);
			path = "Pirates of the Rum seaTests";
			sourceTree = "<group>";
		};
		AEBFF3241A0148FC003350A7 /* Supporting Files */ = {
			isa = PBXGroup;
			children = (
				AEBFF3251A0148FC003350A7 /* Info.plist */,
			);
			name = "Supporting Files";
			sourceTree = "<group>";
		};
		AEBFF3441A015102003350A7 /* Framework */ = {
			isa = PBXGroup;
			children = (
				AEBFF34A1A016059003350A7 /* libXNI.a */,
				AEBFF3421A0150E7003350A7 /* UIKit.framework */,
				AEBFF3401A0150D7003350A7 /* CoreGraphics.framework */,
				AEBFF33E1A0150BA003350A7 /* Foundation.framework */,
				AEBFF33C1A015085003350A7 /* QuartzCore.framework */,
				AEBFF33A1A015076003350A7 /* OpenAL.framework */,
				AEBFF3381A015061003350A7 /* OpenGLES.framework */,
				AEBFF3361A01504A003350A7 /* GameKit.framework */,
				AEBFF3341A01503A003350A7 /* AVFoundation.framework */,
				AEBFF3321A01502B003350A7 /* AudioToolbox.framework */,
				AEBFF3301A014FC8003350A7 /* libXNI.a */,
			);
			name = Framework;
			sourceTree = "<group>";
		};
		AEBFF3451A015900003350A7 /* Classes */ = {
			isa = PBXGroup;
			children = (
				AEBFF3471A0159C9003350A7 /* PiratesGame.h */,
				AEBFF3481A0159C9003350A7 /* PiratesGame.m */,
				AE451BBB1A1A2AC30005BB11 /* Gameplay.h */,
				AE451BBC1A1A2AC30005BB11 /* Gameplay.m */,
			);
			name = Classes;
			sourceTree = "<group>";
		};
		AEBFF3461A01595E003350A7 /* Assets */ = {
			isa = PBXGroup;
			children = (
				AEBFF34C1A0182B2003350A7 /* gameSprites.png */,
			);
			name = Assets;
			sourceTree = "<group>";
		};
/* End PBXGroup section */

/* Begin PBXNativeTarget section */
		AEBFF3031A0148FB003350A7 /* Pirates of the Rum sea */ = {
			isa = PBXNativeTarget;
			buildConfigurationList = AEBFF32A1A0148FC003350A7 /* Build configuration list for PBXNativeTarget "Pirates of the Rum sea" */;
			buildPhases = (
				AEBFF3001A0148FB003350A7 /* Sources */,
				AEBFF3011A0148FB003350A7 /* Frameworks */,
				AEBFF3021A0148FB003350A7 /* Resources */,
			);
			buildRules = (
			);
			dependencies = (
			);
			name = "Pirates of the Rum sea";
			productName = "Pirates of the Rum sea";
			productReference = AEBFF3041A0148FB003350A7 /* Pirates of the Rum sea.app */;
			productType = "com.apple.product-type.application";
		};
		AEBFF31F1A0148FC003350A7 /* Pirates of the Rum seaTests */ = {
			isa = PBXNativeTarget;
			buildConfigurationList = AEBFF32D1A0148FC003350A7 /* Build configuration list for PBXNativeTarget "Pirates of the Rum seaTests" */;
			buildPhases = (
				AEBFF31C1A0148FC003350A7 /* Sources */,
				AEBFF31D1A0148FC003350A7 /* Frameworks */,
				AEBFF31E1A0148FC003350A7 /* Resources */,
			);
			buildRules = (
			);
			dependencies = (
				AEBFF3221A0148FC003350A7 /* PBXTargetDependency */,
			);
			name = "Pirates of the Rum seaTests";
			productName = "Pirates of the Rum seaTests";
			productReference = AEBFF3201A0148FC003350A7 /* Pirates of the Rum seaTests.xctest */;
			productType = "com.apple.product-type.bundle.unit-test";
		};
/* End PBXNativeTarget section */

/* Begin PBXProject section */
		AEBFF2FC1A0148FB003350A7 /* Project object */ = {
			isa = PBXProject;
			attributes = {
				LastUpgradeCheck = 0610;
				ORGANIZATIONNAME = fri;
				TargetAttributes = {
					AEBFF3031A0148FB003350A7 = {
						CreatedOnToolsVersion = 6.1;
					};
					AEBFF31F1A0148FC003350A7 = {
						CreatedOnToolsVersion = 6.1;
						TestTargetID = AEBFF3031A0148FB003350A7;
					};
				};
			};
			buildConfigurationList = AEBFF2FF1A0148FB003350A7 /* Build configuration list for PBXProject "Pirates of the Rum sea" */;
			compatibilityVersion = "Xcode 3.2";
			developmentRegion = English;
			hasScannedForEncodings = 0;
			knownRegions = (
				en,
				Base,
			);
			mainGroup = AEBFF2FB1A0148FB003350A7;
			productRefGroup = AEBFF3051A0148FB003350A7 /* Products */;
			projectDirPath = "";
			projectRoot = "";
			targets = (
				AEBFF3031A0148FB003350A7 /* Pirates of the Rum sea */,
				AEBFF31F1A0148FC003350A7 /* Pirates of the Rum seaTests */,
			);
		};
/* End PBXProject section */

/* Begin PBXResourcesBuildPhase section */
		AEBFF3021A0148FB003350A7 /* Resources */ = {
			isa = PBXResourcesBuildPhase;
			buildActionMask = 2147483647;
			files = (
				AEBFF34D1A0182B2003350A7 /* gameSprites.png in Resources */,
			);
			runOnlyForDeploymentPostprocessing = 0;
		};
		AEBFF31E1A0148FC003350A7 /* Resources */ = {
			isa = PBXResourcesBuildPhase;
			buildActionMask = 2147483647;
			files = (
			);
			runOnlyForDeploymentPostprocessing = 0;
		};
/* End PBXResourcesBuildPhase section */

/* Begin PBXSourcesBuildPhase section */
		AEBFF3001A0148FB003350A7 /* Sources */ = {
			isa = PBXSourcesBuildPhase;
			buildActionMask = 2147483647;
			files = (
				AEBFF3491A0159C9003350A7 /* PiratesGame.m in Sources */,
				AEBFF30A1A0148FB003350A7 /* main.m in Sources */,
				AE451BBD1A1A2AC30005BB11 /* Gameplay.m in Sources */,
			);
			runOnlyForDeploymentPostprocessing = 0;
		};
		AEBFF31C1A0148FC003350A7 /* Sources */ = {
			isa = PBXSourcesBuildPhase;
			buildActionMask = 2147483647;
			files = (
				AEBFF3271A0148FC003350A7 /* Pirates_of_the_Rum_seaTests.m in Sources */,
			);
			runOnlyForDeploymentPostprocessing = 0;
		};
/* End PBXSourcesBuildPhase section */

/* Begin PBXTargetDependency section */
		AEBFF3221A0148FC003350A7 /* PBXTargetDependency */ = {
			isa = PBXTargetDependency;
			target = AEBFF3031A0148FB003350A7 /* Pirates of the Rum sea */;
			targetProxy = AEBFF3211A0148FC003350A7 /* PBXContainerItemProxy */;
		};
/* End PBXTargetDependency section */

/* Begin XCBuildConfiguration section */
		AEBFF3281A0148FC003350A7 /* Debug */ = {
			isa = XCBuildConfiguration;
			buildSettings = {
				ALWAYS_SEARCH_USER_PATHS = NO;
				CLANG_CXX_LANGUAGE_STANDARD = "gnu++0x";
				CLANG_CXX_LIBRARY = "libc++";
				CLANG_ENABLE_MODULES = YES;
				CLANG_ENABLE_OBJC_ARC = YES;
				CLANG_WARN_BOOL_CONVERSION = YES;
				CLANG_WARN_CONSTANT_CONVERSION = YES;
				CLANG_WARN_DIRECT_OBJC_ISA_USAGE = YES_ERROR;
				CLANG_WARN_EMPTY_BODY = YES;
				CLANG_WARN_ENUM_CONVERSION = YES;
				CLANG_WARN_INT_CONVERSION = YES;
				CLANG_WARN_OBJC_ROOT_CLASS = YES_ERROR;
				CLANG_WARN_UNREACHABLE_CODE = YES;
				CLANG_WARN__DUPLICATE_METHOD_MATCH = YES;
				"CODE_SIGN_IDENTITY[sdk=iphoneos*]" = "iPhone Developer";
				COPY_PHASE_STRIP = NO;
				ENABLE_STRICT_OBJC_MSGSEND = YES;
				GCC_C_LANGUAGE_STANDARD = gnu99;
				GCC_DYNAMIC_NO_PIC = NO;
				GCC_OPTIMIZATION_LEVEL = 0;
				GCC_PREPROCESSOR_DEFINITIONS = (
					"DEBUG=1",
					"$(inherited)",
				);
				GCC_SYMBOLS_PRIVATE_EXTERN = NO;
				GCC_WARN_64_TO_32_BIT_CONVERSION = YES;
				GCC_WARN_ABOUT_RETURN_TYPE = YES_ERROR;
				GCC_WARN_UNDECLARED_SELECTOR = YES;
				GCC_WARN_UNINITIALIZED_AUTOS = YES_AGGRESSIVE;
				GCC_WARN_UNUSED_FUNCTION = YES;
				GCC_WARN_UNUSED_VARIABLE = YES;
				IPHONEOS_DEPLOYMENT_TARGET = 8.1;
				MTL_ENABLE_DEBUG_INFO = YES;
				ONLY_ACTIVE_ARCH = YES;
				SDKROOT = iphoneos;
				TARGETED_DEVICE_FAMILY = "1,2";
			};
			name = Debug;
		};
		AEBFF3291A0148FC003350A7 /* Release */ = {
			isa = XCBuildConfiguration;
			buildSettings = {
				ALWAYS_SEARCH_USER_PATHS = NO;
				CLANG_CXX_LANGUAGE_STANDARD = "gnu++0x";
				CLANG_CXX_LIBRARY = "libc++";
				CLANG_ENABLE_MODULES = YES;
				CLANG_ENABLE_OBJC_ARC = YES;
				CLANG_WARN_BOOL_CONVERSION = YES;
				CLANG_WARN_CONSTANT_CONVERSION = YES;
				CLANG_WARN_DIRECT_OBJC_ISA_USAGE = YES_ERROR;
				CLANG_WARN_EMPTY_BODY = YES;
				CLANG_WARN_ENUM_CONVERSION = YES;
				CLANG_WARN_INT_CONVERSION = YES;
				CLANG_WARN_OBJC_ROOT_CLASS = YES_ERROR;
				CLANG_WARN_UNREACHABLE_CODE = YES;
				CLANG_WARN__DUPLICATE_METHOD_MATCH = YES;
				"CODE_SIGN_IDENTITY[sdk=iphoneos*]" = "iPhone Developer";
				COPY_PHASE_STRIP = YES;
				ENABLE_NS_ASSERTIONS = NO;
				ENABLE_STRICT_OBJC_MSGSEND = YES;
				GCC_C_LANGUAGE_STANDARD = gnu99;
				GCC_WARN_64_TO_32_BIT_CONVERSION = YES;
				GCC_WARN_ABOUT_RETURN_TYPE = YES_ERROR;
				GCC_WARN_UNDECLARED_SELECTOR = YES;
				GCC_WARN_UNINITIALIZED_AUTOS = YES_AGGRESSIVE;
				GCC_WARN_UNUSED_FUNCTION = YES;
				GCC_WARN_UNUSED_VARIABLE = YES;
				IPHONEOS_DEPLOYMENT_TARGET = 8.1;
				MTL_ENABLE_DEBUG_INFO = NO;
				SDKROOT = iphoneos;
				TARGETED_DEVICE_FAMILY = "1,2";
				VALIDATE_PRODUCT = YES;
			};
			name = Release;
		};
		AEBFF32B1A0148FC003350A7 /* Debug */ = {
			isa = XCBuildConfiguration;
			buildSettings = {
				ASSETCATALOG_COMPILER_APPICON_NAME = AppIcon;
				CLANG_ENABLE_OBJC_ARC = NO;
				INFOPLIST_FILE = "Pirates of the Rum sea/Info.plist";
				LD_RUNPATH_SEARCH_PATHS = "$(inherited) @executable_path/Frameworks";
				LIBRARY_SEARCH_PATHS = (
					"$(inherited)",
					/Users/tinr/Documents/XNI,
					0,
					/Users/tinr/Documents/XNI,
				);
				PRODUCT_NAME = "$(TARGET_NAME)";
				USER_HEADER_SEARCH_PATHS = "\"$(SRCROOT)/../XNI/\"/**";
			};
			name = Debug;
		};
		AEBFF32C1A0148FC003350A7 /* Release */ = {
			isa = XCBuildConfiguration;
			buildSettings = {
				ASSETCATALOG_COMPILER_APPICON_NAME = AppIcon;
				CLANG_ENABLE_OBJC_ARC = NO;
				INFOPLIST_FILE = "Pirates of the Rum sea/Info.plist";
				LD_RUNPATH_SEARCH_PATHS = "$(inherited) @executable_path/Frameworks";
				LIBRARY_SEARCH_PATHS = (
					"$(inherited)",
					/Users/tinr/Documents/XNI,
					0,
					/Users/tinr/Documents/XNI,
				);
				PRODUCT_NAME = "$(TARGET_NAME)";
				USER_HEADER_SEARCH_PATHS = "\"$(SRCROOT)/../XNI/\"/**";
			};
			name = Release;
		};
		AEBFF32E1A0148FC003350A7 /* Debug */ = {
			isa = XCBuildConfiguration;
			buildSettings = {
				BUNDLE_LOADER = "$(TEST_HOST)";
				FRAMEWORK_SEARCH_PATHS = (
					"$(SDKROOT)/Developer/Library/Frameworks",
					"$(inherited)",
				);
				GCC_PREPROCESSOR_DEFINITIONS = (
					"DEBUG=1",
					"$(inherited)",
				);
				INFOPLIST_FILE = "Pirates of the Rum seaTests/Info.plist";
				LD_RUNPATH_SEARCH_PATHS = "$(inherited) @executable_path/Frameworks @loader_path/Frameworks";
				PRODUCT_NAME = "$(TARGET_NAME)";
				TEST_HOST = "$(BUILT_PRODUCTS_DIR)/Pirates of the Rum sea.app/Pirates of the Rum sea";
			};
			name = Debug;
		};
		AEBFF32F1A0148FC003350A7 /* Release */ = {
			isa = XCBuildConfiguration;
			buildSettings = {
				BUNDLE_LOADER = "$(TEST_HOST)";
				FRAMEWORK_SEARCH_PATHS = (
					"$(SDKROOT)/Developer/Library/Frameworks",
					"$(inherited)",
				);
				INFOPLIST_FILE = "Pirates of the Rum seaTests/Info.plist";
				LD_RUNPATH_SEARCH_PATHS = "$(inherited) @executable_path/Frameworks @loader_path/Frameworks";
				PRODUCT_NAME = "$(TARGET_NAME)";
				TEST_HOST = "$(BUILT_PRODUCTS_DIR)/Pirates of the Rum sea.app/Pirates of the Rum sea";
			};
			name = Release;
		};
/* End XCBuildConfiguration section */

/* Begin XCConfigurationList section */
		AEBFF2FF1A0148FB003350A7 /* Build configuration list for PBXProject "Pirates of the Rum sea" */ = {
			isa = XCConfigurationList;
			buildConfigurations = (
				AEBFF3281A0148FC003350A7 /* Debug */,
				AEBFF3291A0148FC003350A7 /* Release */,
			);
			defaultConfigurationIsVisible = 0;
			defaultConfigurationName = Release;
		};
		AEBFF32A1A0148FC003350A7 /* Build configuration list for PBXNativeTarget "Pirates of the Rum sea" */ = {
			isa = XCConfigurationList;
			buildConfigurations = (
				AEBFF32B1A0148FC003350A7 /* Debug */,
				AEBFF32C1A0148FC003350A7 /* Release */,
			);
			defaultConfigurationIsVisible = 0;
			defaultConfigurationName = Release;
		};
		AEBFF32D1A0148FC003350A7 /* Build configuration list for PBXNativeTarget "Pirates of the Rum seaTests" */ = {
			isa = XCConfigurationList;
			buildConfigurations = (
				AEBFF32E1A0148FC003350A7 /* Debug */,
				AEBFF32F1A0148FC003350A7 /* Release */,
			);
			defaultConfigurationIsVisible = 0;
			defaultConfigurationName = Release;
		};
/* End XCConfigurationList section */
	};
	rootObject = AEBFF2FC1A0148FB003350A7 /* Project object */;
}
